
Microsoft Visual Studio Solution File, Format Version 12.00
# Visual Studio Version 17
VisualStudioVersion = 17.8.34330.188
MinimumVisualStudioVersion = 10.0.40219.1
Project("{9A19103F-16F7-4668-BE54-9A1E7A4F7556}") = "Plants", "Plants.csproj", "{A70D01AB-BF0B-4465-8750-26F725134E7B}"
EndProject
Project("{2150E333-8FDC-42A3-9474-1A3956D46DE8}") = "Web", "Web", "{B2940F9B-5179-49F1-A526-EBD53019B917}"
EndProject
Project("{2150E333-8FDC-42A3-9474-1A3956D46DE8}") = "Data", "Data", "{DA387AAF-7679-48C1-87E7-E12EEDFC7A32}"
EndProject
Project("{9A19103F-16F7-4668-BE54-9A1E7A4F7556}") = "Plants.Data", "..\Plants.Data\Plants.Data.csproj", "{A608910A-99BA-48BC-9023-7D505DAB4074}"
EndProject
Project("{9A19103F-16F7-4668-BE54-9A1E7A4F7556}") = "Plants.Data.Models", "..\..\Plants\Plants.Infrastructure\Plants.Data.Models.csproj", "{FBA7EF48-38BE-4DE5-B5CD-BC776249EA0A}"
EndProject
Project("{2150E333-8FDC-42A3-9474-1A3956D46DE8}") = "Services", "Services", "{C43365C8-82B2-4188-842E-7C09621E2CCE}"
EndProject
Project("{9A19103F-16F7-4668-BE54-9A1E7A4F7556}") = "Plants.Services", "..\Plans.Services\Plants.Services.csproj", "{4D64059F-5B96-41DB-A16C-FA775FA532D2}"
EndProject
Project("{9A19103F-16F7-4668-BE54-9A1E7A4F7556}") = "Plants.Services.OpenMeteoApi", "..\Plants.Services.OpenMeteoApi\Plants.Services.OpenMeteoApi.csproj", "{30557F61-3AD1-4690-98DF-4368190D932A}"
EndProject
Project("{9A19103F-16F7-4668-BE54-9A1E7A4F7556}") = "Plants.Services.Mapping", "..\Plants.Services.Mapping\Plants.Services.Mapping.csproj", "{5F9D92A9-F77E-49F8-8AEF-878A9430B11E}"
EndProject
Project("{9A19103F-16F7-4668-BE54-9A1E7A4F7556}") = "Plants.Services.Constants", "..\Plants.Services.Constants\Plants.Services.Constants.csproj", "{6457BC8C-B7ED-4ADB-A715-194E27550E5E}"
EndProject
Global
	GlobalSection(SolutionConfigurationPlatforms) = preSolution
		Debug|Any CPU = Debug|Any CPU
		Release|Any CPU = Release|Any CPU
	EndGlobalSection
	GlobalSection(ProjectConfigurationPlatforms) = postSolution
		{A70D01AB-BF0B-4465-8750-26F725134E7B}.Debug|Any CPU.ActiveCfg = Debug|Any CPU
		{A70D01AB-BF0B-4465-8750-26F725134E7B}.Debug|Any CPU.Build.0 = Debug|Any CPU
		{A70D01AB-BF0B-4465-8750-26F725134E7B}.Release|Any CPU.ActiveCfg = Release|Any CPU
		{A70D01AB-BF0B-4465-8750-26F725134E7B}.Release|Any CPU.Build.0 = Release|Any CPU
		{A608910A-99BA-48BC-9023-7D505DAB4074}.Debug|Any CPU.ActiveCfg = Debug|Any CPU
		{A608910A-99BA-48BC-9023-7D505DAB4074}.Debug|Any CPU.Build.0 = Debug|Any CPU
		{A608910A-99BA-48BC-9023-7D505DAB4074}.Release|Any CPU.ActiveCfg = Release|Any CPU
		{A608910A-99BA-48BC-9023-7D505DAB4074}.Release|Any CPU.Build.0 = Release|Any CPU
		{FBA7EF48-38BE-4DE5-B5CD-BC776249EA0A}.Debug|Any CPU.ActiveCfg = Debug|Any CPU
		{FBA7EF48-38BE-4DE5-B5CD-BC776249EA0A}.Debug|Any CPU.Build.0 = Debug|Any CPU
		{FBA7EF48-38BE-4DE5-B5CD-BC776249EA0A}.Release|Any CPU.ActiveCfg = Release|Any CPU
		{FBA7EF48-38BE-4DE5-B5CD-BC776249EA0A}.Release|Any CPU.Build.0 = Release|Any CPU
		{4D64059F-5B96-41DB-A16C-FA775FA532D2}.Debug|Any CPU.ActiveCfg = Debug|Any CPU
		{4D64059F-5B96-41DB-A16C-FA775FA532D2}.Debug|Any CPU.Build.0 = Debug|Any CPU
		{4D64059F-5B96-41DB-A16C-FA775FA532D2}.Release|Any CPU.ActiveCfg = Release|Any CPU
		{4D64059F-5B96-41DB-A16C-FA775FA532D2}.Release|Any CPU.Build.0 = Release|Any CPU
		{30557F61-3AD1-4690-98DF-4368190D932A}.Debug|Any CPU.ActiveCfg = Debug|Any CPU
		{30557F61-3AD1-4690-98DF-4368190D932A}.Debug|Any CPU.Build.0 = Debug|Any CPU
		{30557F61-3AD1-4690-98DF-4368190D932A}.Release|Any CPU.ActiveCfg = Release|Any CPU
		{30557F61-3AD1-4690-98DF-4368190D932A}.Release|Any CPU.Build.0 = Release|Any CPU
		{5F9D92A9-F77E-49F8-8AEF-878A9430B11E}.Debug|Any CPU.ActiveCfg = Debug|Any CPU
		{5F9D92A9-F77E-49F8-8AEF-878A9430B11E}.Debug|Any CPU.Build.0 = Debug|Any CPU
		{5F9D92A9-F77E-49F8-8AEF-878A9430B11E}.Release|Any CPU.ActiveCfg = Release|Any CPU
		{5F9D92A9-F77E-49F8-8AEF-878A9430B11E}.Release|Any CPU.Build.0 = Release|Any CPU
		{6457BC8C-B7ED-4ADB-A715-194E27550E5E}.Debug|Any CPU.ActiveCfg = Debug|Any CPU
		{6457BC8C-B7ED-4ADB-A715-194E27550E5E}.Debug|Any CPU.Build.0 = Debug|Any CPU
		{6457BC8C-B7ED-4ADB-A715-194E27550E5E}.Release|Any CPU.ActiveCfg = Release|Any CPU
		{6457BC8C-B7ED-4ADB-A715-194E27550E5E}.Release|Any CPU.Build.0 = Release|Any CPU
	EndGlobalSection
	GlobalSection(SolutionProperties) = preSolution
		HideSolutionNode = FALSE
	EndGlobalSection
	GlobalSection(NestedProjects) = preSolution
		{A70D01AB-BF0B-4465-8750-26F725134E7B} = {B2940F9B-5179-49F1-A526-EBD53019B917}
		{A608910A-99BA-48BC-9023-7D505DAB4074} = {DA387AAF-7679-48C1-87E7-E12EEDFC7A32}
		{FBA7EF48-38BE-4DE5-B5CD-BC776249EA0A} = {DA387AAF-7679-48C1-87E7-E12EEDFC7A32}
		{4D64059F-5B96-41DB-A16C-FA775FA532D2} = {C43365C8-82B2-4188-842E-7C09621E2CCE}
		{30557F61-3AD1-4690-98DF-4368190D932A} = {C43365C8-82B2-4188-842E-7C09621E2CCE}
		{5F9D92A9-F77E-49F8-8AEF-878A9430B11E} = {C43365C8-82B2-4188-842E-7C09621E2CCE}
		{6457BC8C-B7ED-4ADB-A715-194E27550E5E} = {C43365C8-82B2-4188-842E-7C09621E2CCE}
	EndGlobalSection
	GlobalSection(ExtensibilityGlobals) = postSolution
		SolutionGuid = {E442B171-44C8-4851-9D75-5D994786C5D3}
	EndGlobalSection
EndGlobal
